
Microsoft Visual Studio Solution File, Format Version 12.00
# Visual Studio 14
VisualStudioVersion = 14.0.25420.1
MinimumVisualStudioVersion = 10.0.40219.1
Project("{8BC9CEB8-8B4A-11D0-8D11-00A0C91BC942}") = "Problem01", "Problem01\Problem01.vcxproj", "{BF42429F-BFD7-4B0B-94C7-A3B40A2A3BDF}"
EndProject
Project("{8BC9CEB8-8B4A-11D0-8D11-00A0C91BC942}") = "Problem02", "Problem02\Problem02.vcxproj", "{C984C05E-8150-4A2C-95CB-584894CD352D}"
EndProject
Project("{8BC9CEB8-8B4A-11D0-8D11-00A0C91BC942}") = "Problem03", "Problem03\Problem03.vcxproj", "{04A9C471-2EC0-4A8D-93DF-073C2F9A4F9B}"
EndProject
Project("{8BC9CEB8-8B4A-11D0-8D11-00A0C91BC942}") = "Problem04", "Problem04\Problem04.vcxproj", "{42E20241-3FF5-4C62-8AF4-4AB1A4356E6E}"
EndProject
Global
	GlobalSection(SolutionConfigurationPlatforms) = preSolution
		Debug|x64 = Debug|x64
		Debug|x86 = Debug|x86
		Release|x64 = Release|x64
		Release|x86 = Release|x86
	EndGlobalSection
	GlobalSection(ProjectConfigurationPlatforms) = postSolution
		{BF42429F-BFD7-4B0B-94C7-A3B40A2A3BDF}.Debug|x64.ActiveCfg = Debug|x64
		{BF42429F-BFD7-4B0B-94C7-A3B40A2A3BDF}.Debug|x64.Build.0 = Debug|x64
		{BF42429F-BFD7-4B0B-94C7-A3B40A2A3BDF}.Debug|x86.ActiveCfg = Debug|Win32
		{BF42429F-BFD7-4B0B-94C7-A3B40A2A3BDF}.Debug|x86.Build.0 = Debug|Win32
		{BF42429F-BFD7-4B0B-94C7-A3B40A2A3BDF}.Release|x64.ActiveCfg = Release|x64
		{BF42429F-BFD7-4B0B-94C7-A3B40A2A3BDF}.Release|x64.Build.0 = Release|x64
		{BF42429F-BFD7-4B0B-94C7-A3B40A2A3BDF}.Release|x86.ActiveCfg = Release|Win32
		{BF42429F-BFD7-4B0B-94C7-A3B40A2A3BDF}.Release|x86.Build.0 = Release|Win32
		{C984C05E-8150-4A2C-95CB-584894CD352D}.Debug|x64.ActiveCfg = Debug|x64
		{C984C05E-8150-4A2C-95CB-584894CD352D}.Debug|x64.Build.0 = Debug|x64
		{C984C05E-8150-4A2C-95CB-584894CD352D}.Debug|x86.ActiveCfg = Debug|Win32
		{C984C05E-8150-4A2C-95CB-584894CD352D}.Debug|x86.Build.0 = Debug|Win32
		{C984C05E-8150-4A2C-95CB-584894CD352D}.Release|x64.ActiveCfg = Release|x64
		{C984C05E-8150-4A2C-95CB-584894CD352D}.Release|x64.Build.0 = Release|x64
		{C984C05E-8150-4A2C-95CB-584894CD352D}.Release|x86.ActiveCfg = Release|Win32
		{C984C05E-8150-4A2C-95CB-584894CD352D}.Release|x86.Build.0 = Release|Win32
		{04A9C471-2EC0-4A8D-93DF-073C2F9A4F9B}.Debug|x64.ActiveCfg = Debug|x64
		{04A9C471-2EC0-4A8D-93DF-073C2F9A4F9B}.Debug|x64.Build.0 = Debug|x64
		{04A9C471-2EC0-4A8D-93DF-073C2F9A4F9B}.Debug|x86.ActiveCfg = Debug|Win32
		{04A9C471-2EC0-4A8D-93DF-073C2F9A4F9B}.Debug|x86.Build.0 = Debug|Win32
		{04A9C471-2EC0-4A8D-93DF-073C2F9A4F9B}.Release|x64.ActiveCfg = Release|x64
		{04A9C471-2EC0-4A8D-93DF-073C2F9A4F9B}.Release|x64.Build.0 = Release|x64
		{04A9C471-2EC0-4A8D-93DF-073C2F9A4F9B}.Release|x86.ActiveCfg = Release|Win32
		{04A9C471-2EC0-4A8D-93DF-073C2F9A4F9B}.Release|x86.Build.0 = Release|Win32
		{42E20241-3FF5-4C62-8AF4-4AB1A4356E6E}.Debug|x64.ActiveCfg = Debug|x64
		{42E20241-3FF5-4C62-8AF4-4AB1A4356E6E}.Debug|x64.Build.0 = Debug|x64
		{42E20241-3FF5-4C62-8AF4-4AB1A4356E6E}.Debug|x86.ActiveCfg = Debug|Win32
		{42E20241-3FF5-4C62-8AF4-4AB1A4356E6E}.Debug|x86.Build.0 = Debug|Win32
		{42E20241-3FF5-4C62-8AF4-4AB1A4356E6E}.Release|x64.ActiveCfg = Release|x64
		{42E20241-3FF5-4C62-8AF4-4AB1A4356E6E}.Release|x64.Build.0 = Release|x64
		{42E20241-3FF5-4C62-8AF4-4AB1A4356E6E}.Release|x86.ActiveCfg = Release|Win32
		{42E20241-3FF5-4C62-8AF4-4AB1A4356E6E}.Release|x86.Build.0 = Release|Win32
	EndGlobalSection
	GlobalSection(SolutionProperties) = preSolution
		HideSolutionNode = FALSE
	EndGlobalSection
EndGlobal
